
Microsoft Visual Studio Solution File, Format Version 12.00
# Visual Studio Version 17
VisualStudioVersion = 17.3.32922.545
MinimumVisualStudioVersion = 10.0.40219.1
Project("{FAE04EC0-301F-11D3-BF4B-00C04F79EFBC}") = "ASPLogin", "ASPLogin.csproj", "{50E3CE10-E47C-4EF9-A485-268546DDD43A}"
EndProject
Global
	GlobalSection(SolutionConfigurationPlatforms) = preSolution
		Debug|Any CPU = Debug|Any CPU
		Release|Any CPU = Release|Any CPU
	EndGlobalSection
	GlobalSection(ProjectConfigurationPlatforms) = postSolution
		{50E3CE10-E47C-4EF9-A485-268546DDD43A}.Debug|Any CPU.ActiveCfg = Debug|Any CPU
		{50E3CE10-E47C-4EF9-A485-268546DDD43A}.Debug|Any CPU.Build.0 = Debug|Any CPU
		{50E3CE10-E47C-4EF9-A485-268546DDD43A}.Release|Any CPU.ActiveCfg = Release|Any CPU
		{50E3CE10-E47C-4EF9-A485-268546DDD43A}.Release|Any CPU.Build.0 = Release|Any CPU
	EndGlobalSection
	GlobalSection(SolutionProperties) = preSolution
		HideSolutionNode = FALSE
	EndGlobalSection
	GlobalSection(ExtensibilityGlobals) = postSolution
		SolutionGuid = {C854510E-CFD5-4916-B62B-303813B54A3C}
	EndGlobalSection
EndGlobal
